{
  "nodes": {
    "crane": {
      "locked": {
        "lastModified": 1785782307,
        "narHash": "sha256-MPaRdVkf6zZP5fCPxYCi8Dr4pZzgmXzg8T9nVEbp3Mw=",
        "owner": "ipetkov",
        "repo": "crane",
        "rev": "2c71e194474d13de031d729b729c968ddbe3507f",
        "type": "github"
      },
      "original": {
        "owner": "ipetkov",
        "repo": "crane",
        "type": "github"
      }
    },
    "flake-compat": {
      "flake": false,
      "locked": {
        "lastModified": 1767039857,
        "narHash": "sha256-vNpUSpF5Nuw8xvDLj2KCwwksIbjua2LZCqhV1LNRDns=",
        "owner": "NixOS",
        "repo": "flake-compat",
        "rev": "5edf11c44bc78a0d334f6334cdaf7d60d732daab",
        "type": "github"
      },
      "original": {
        "owner": "NixOS",
        "repo": "flake-compat",
        "type": "github"
      }
    },
    "flake-compat_2": {
      "locked": {
        "lastModified": 1761640442,
        "narHash": "sha256-AtrEP6Jmdvrqiv4x2xa5mrtaIp3OEe8uBYCDZDS+hu8=",
        "owner": "nix-community",
        "repo": "flake-compat",
        "rev": "4a56054d8ffc173222d09dad23adf4ba946c8884",
        "type": "github"
      },
      "original": {
        "owner": "nix-community",
        "repo": "flake-compat",
        "type": "github"
      }
    },
    "hardware": {
      "inputs": {
        "nixpkgs": [
          "nixpkgs"
        ]
      },
      "locked": {
        "lastModified": 1786867632,
        "narHash": "sha256-ez+ubZlA1RtdjCB18a6zJ9M4u8qoPDy08EcnsW5M3Xw=",
        "owner": "NixOS",
        "repo": "nixos-hardware",
        "rev": "ff17823245ab9ff7bcae6acf950bd89cba82c38c",
        "type": "github"
      },
      "original": {
        "owner": "NixOS",
        "ref": "master",
        "repo": "nixos-hardware",
        "type": "github"
      }
    },
    "home-manager": {
      "inputs": {
        "nixpkgs": [
          "nixpkgs"
        ]
      },
      "locked": {
        "lastModified": 1786924861,
        "narHash": "sha256-hftabkb+73OcGzvwFAjCiQorAhprs9TnU1+FkGO5CIw=",
        "owner": "nix-community",
        "repo": "home-manager",
        "rev": "09ae1b85a6db412d841d60f924b23f881f0d0a38",
        "type": "github"
      },
      "original": {
        "owner": "nix-community",
        "ref": "release-26.05",
        "repo": "home-manager",
        "type": "github"
      }
    },
    "lanzaboote": {
      "inputs": {
        "crane": "crane",
        "nixpkgs": [
          "nixpkgs"
        ],
        "pre-commit": "pre-commit",
        "rust-overlay": "rust-overlay"
      },
      "locked": {
        "lastModified": 1786958661,
        "narHash": "sha256-DAH84NNJezuk7M4WfAZtLQzJnofpXJFZFVoTPgCyUC0=",
        "owner": "nix-community",
        "repo": "lanzaboote",
        "rev": "b1b7d87faa06649f7c72666107bac2c6e6459c23",
        "type": "github"
      },
      "original": {
        "owner": "nix-community",
        "repo": "lanzaboote",
        "type": "github"
      }
    },
    "nixos-apple-silicon": {
      "inputs": {
        "flake-compat": "flake-compat_2",
        "nixpkgs": [
          "nixpkgs"
        ]
      },
      "locked": {
        "lastModified": 1786862401,
        "narHash": "sha256-zRPYCn5RJWxr9uyUwNIQjPsTFcIFRwuRnI91dqvGA0k=",
        "owner": "nix-community",
        "repo": "nixos-apple-silicon",
        "rev": "53798a0eb0fa4c8cfaeca7bdc5b4ad22ed210c95",
        "type": "github"
      },
      "original": {
        "owner": "nix-community",
        "ref": "main",
        "repo": "nixos-apple-silicon",
        "type": "github"
      }
    },
    "nixpkgs": {
      "locked": {
        "lastModified": 1787042014,
        "narHash": "sha256-lgnV/xeEatfEnPZG0RrXS0fhcr63p3tsVvL1GdaVkJQ=",
        "owner": "nixos",
        "repo": "nixpkgs",
        "rev": "c69ae8fb8faeb3472fd11234ba55a70ac3601f9b",
        "type": "github"
      },
      "original": {
        "owner": "nixos",
        "ref": "nixos-26.05",
        "repo": "nixpkgs",
        "type": "github"
      }
    },
    "nixpkgs_2": {
      "locked": {
        "lastModified": 1786599213,
        "narHash": "sha256-yjGG65gA1jORt0hWxjzrnw3AYkIn8EWolp8vezwXZ3I=",
        "rev": "0e251e24a4f24e036a084b6b4b2d2491af4167f4",
        "type": "tarball",
        "url": "https://releases.nixos.org/nixos/unstable/nixos-26.11pre1053317.0e251e24a4f2/nixexprs.tar.zst"
      },
      "original": {
        "type": "tarball",
        "url": "https://channels.nixos.org/nixos-unstable/nixexprs.tar.zst"
      }
    },
    "noctalia": {
      "inputs": {
        "nixpkgs": "nixpkgs_2"
      },
      "locked": {
        "lastModified": 1787106894,
        "narHash": "sha256-ZLsON94GGmg7cAC/9Oyz0P+mPhemdvQIKwLcFEe785k=",
        "owner": "noctalia-dev",
        "repo": "noctalia",
        "rev": "b38bf2dde1195e459b4b2a436bde970001d5d5ce",
        "type": "github"
      },
      "original": {
        "owner": "noctalia-dev",
        "repo": "noctalia",
        "type": "github"
      }
    },
    "noctalia-greeter": {
      "inputs": {
        "nixpkgs": [
          "nixpkgs"
        ]
      },
      "locked": {
        "lastModified": 1786882377,
        "narHash": "sha256-NfnY22tYDrXfIuyexYyqB+jkO6IK23AqmhcNixkU7pw=",
        "owner": "noctalia-dev",
        "repo": "noctalia-greeter",
        "rev": "10d2c9074d3a9219e03b55b2c97f1cc743447af5",
        "type": "github"
      },
      "original": {
        "owner": "noctalia-dev",
        "repo": "noctalia-greeter",
        "type": "github"
      }
    },
    "pre-commit": {
      "inputs": {
        "flake-compat": "flake-compat",
        "nixpkgs": [
          "lanzaboote",
          "nixpkgs"
        ]
      },
      "locked": {
        "lastModified": 1784288435,
        "narHash": "sha256-ReRHaLgr/uVqdD8afFSn+myXIfpHeOhP0yYe0TJqAA8=",
        "owner": "cachix",
        "repo": "git-hooks.nix",
        "rev": "43b3c1ab9d40fb1dbb008f451988a91e375825e9",
        "type": "github"
      },
      "original": {
        "owner": "cachix",
        "repo": "git-hooks.nix",
        "type": "github"
      }
    },
    "root": {
      "inputs": {
        "hardware": "hardware",
        "home-manager": "home-manager",
        "lanzaboote": "lanzaboote",
        "nixos-apple-silicon": "nixos-apple-silicon",
        "nixpkgs": "nixpkgs",
        "noctalia": "noctalia",
        "noctalia-greeter": "noctalia-greeter",
        "zen-browser": "zen-browser"
      }
    },
    "rust-overlay": {
      "inputs": {
        "nixpkgs": [
          "lanzaboote",
          "nixpkgs"
        ]
      },
      "locked": {
        "lastModified": 1786849542,
        "narHash": "sha256-MS8cOa/ii1+QA8R3JWVzqEIoXimu9n50GwQDiBVTFOM=",
        "owner": "oxalica",
        "repo": "rust-overlay",
        "rev": "b211eadeba8b180da9453ec3413a8a3535c85b3f",
        "type": "github"
      },
      "original": {
        "owner": "oxalica",
        "repo": "rust-overlay",
        "type": "github"
      }
    },
    "zen-browser": {
      "inputs": {
        "home-manager": [
          "home-manager"
        ],
        "nixpkgs": [
          "nixpkgs"
        ]
      },
      "locked": {
        "lastModified": 1786643794,
        "narHash": "sha256-/E1S2qKsFJwpE+R9UsuRMa+BDTqkBeMe1P1/IHv6CrE=",
        "owner": "0xc000022070",
        "repo": "zen-browser-flake",
        "rev": "048f33b82e77dd1fb058b1e4354a989c6c8f4caa",
        "type": "github"
      },
      "original": {
        "owner": "0xc000022070",
        "ref": "beta",
        "repo": "zen-browser-flake",
        "type": "github"
      }
    }
  },
  "root": "root",
  "version": 7
}
